
Microsoft Visual Studio Solution File, Format Version 12.00
# Visual Studio Version 17
VisualStudioVersion = 17.9.34701.34
MinimumVisualStudioVersion = 10.0.40219.1
Project("{FAE04EC0-301F-11D3-BF4B-00C04F79EFBC}") = "Areeba_Demo", "Areeba_Demo\Areeba_Demo.csproj", "{53F6E1C6-3C63-40B3-883E-A1B824735FAF}"
EndProject
Global
	GlobalSection(SolutionConfigurationPlatforms) = preSolution
		Debug|Any CPU = Debug|Any CPU
		Release|Any CPU = Release|Any CPU
	EndGlobalSection
	GlobalSection(ProjectConfigurationPlatforms) = postSolution
		{53F6E1C6-3C63-40B3-883E-A1B824735FAF}.Debug|Any CPU.ActiveCfg = Debug|Any CPU
		{53F6E1C6-3C63-40B3-883E-A1B824735FAF}.Debug|Any CPU.Build.0 = Debug|Any CPU
		{53F6E1C6-3C63-40B3-883E-A1B824735FAF}.Release|Any CPU.ActiveCfg = Release|Any CPU
		{53F6E1C6-3C63-40B3-883E-A1B824735FAF}.Release|Any CPU.Build.0 = Release|Any CPU
	EndGlobalSection
	GlobalSection(SolutionProperties) = preSolution
		HideSolutionNode = FALSE
	EndGlobalSection
	GlobalSection(ExtensibilityGlobals) = postSolution
		SolutionGuid = {D66F87F2-8E32-469B-9B62-04C801BB0BFB}
	EndGlobalSection
EndGlobal
